
Microsoft Visual Studio Solution File, Format Version 12.00
# Visual Studio Version 17
VisualStudioVersion = 17.0.31912.275
MinimumVisualStudioVersion = 10.0.40219.1
Project("{FAE04EC0-301F-11D3-BF4B-00C04F79EFBC}") = "Horoscope.API", "Horoscope.API\Horoscope.API.csproj", "{FF0E388C-0CFD-4F7F-B101-D3B5719E7509}"
EndProject
Global
	GlobalSection(SolutionConfigurationPlatforms) = preSolution
		Debug|Any CPU = Debug|Any CPU
		Release|Any CPU = Release|Any CPU
	EndGlobalSection
	GlobalSection(ProjectConfigurationPlatforms) = postSolution
		{FF0E388C-0CFD-4F7F-B101-D3B5719E7509}.Debug|Any CPU.ActiveCfg = Debug|Any CPU
		{FF0E388C-0CFD-4F7F-B101-D3B5719E7509}.Debug|Any CPU.Build.0 = Debug|Any CPU
		{FF0E388C-0CFD-4F7F-B101-D3B5719E7509}.Release|Any CPU.ActiveCfg = Release|Any CPU
		{FF0E388C-0CFD-4F7F-B101-D3B5719E7509}.Release|Any CPU.Build.0 = Release|Any CPU
	EndGlobalSection
	GlobalSection(SolutionProperties) = preSolution
		HideSolutionNode = FALSE
	EndGlobalSection
	GlobalSection(ExtensibilityGlobals) = postSolution
		SolutionGuid = {75F4F436-F06E-4907-A4DA-7F795D652B61}
	EndGlobalSection
EndGlobal
